
Microsoft Visual Studio Solution File, Format Version 12.00
# Visual Studio Version 16
VisualStudioVersion = 25.0.1703.8
MinimumVisualStudioVersion = 10.0.40219.1
Project("{FAE04EC0-301F-11D3-BF4B-00C04F79EFBC}") = "La-Grazia", "La-Grazia.csproj", "{CA13B2E5-C88D-4760-8009-729EC0F7B2ED}"
EndProject
Global
	GlobalSection(SolutionConfigurationPlatforms) = preSolution
		Debug|Any CPU = Debug|Any CPU
		Release|Any CPU = Release|Any CPU
	EndGlobalSection
	GlobalSection(ProjectConfigurationPlatforms) = postSolution
		{CA13B2E5-C88D-4760-8009-729EC0F7B2ED}.Debug|Any CPU.ActiveCfg = Debug|Any CPU
		{CA13B2E5-C88D-4760-8009-729EC0F7B2ED}.Debug|Any CPU.Build.0 = Debug|Any CPU
		{CA13B2E5-C88D-4760-8009-729EC0F7B2ED}.Release|Any CPU.ActiveCfg = Release|Any CPU
		{CA13B2E5-C88D-4760-8009-729EC0F7B2ED}.Release|Any CPU.Build.0 = Release|Any CPU
	EndGlobalSection
	GlobalSection(SolutionProperties) = preSolution
		HideSolutionNode = FALSE
	EndGlobalSection
	GlobalSection(ExtensibilityGlobals) = postSolution
		SolutionGuid = {5D9A8F02-849D-4D44-B371-15D71881AABE}
	EndGlobalSection
EndGlobal
